
Microsoft Visual Studio Solution File, Format Version 12.00
# Visual Studio 15
VisualStudioVersion = 15.0.27004.2010
MinimumVisualStudioVersion = 10.0.40219.1
Project("{FAE04EC0-301F-11D3-BF4B-00C04F79EFBC}") = "LCManagerClient", "LCManagerClient\LCManagerClient.csproj", "{6E022105-6627-4FA8-A151-E156859B784D}"
EndProject
Project("{FAE04EC0-301F-11D3-BF4B-00C04F79EFBC}") = "LCManagerPartner", "LCManagerPartner\LCManagerPartner.csproj", "{AAFA0FE9-96A2-4621-9DAF-FA3632F97528}"
EndProject
Project("{FAE04EC0-301F-11D3-BF4B-00C04F79EFBC}") = "LCManagerSite", "LCManagerSite\LCManagerSite.csproj", "{937699BA-15F4-4C8A-87E5-6294B5D942E7}"
EndProject
Project("{FAE04EC0-301F-11D3-BF4B-00C04F79EFBC}") = "LCManagerPos", "LCManagerPos\LCManagerPos.csproj", "{00B89288-4D86-453D-B2F8-9C62AB46BC45}"
EndProject
Project("{FAE04EC0-301F-11D3-BF4B-00C04F79EFBC}") = "LCManagerReports", "LCManagerReports\LCManagerReports.csproj", "{C58FD607-A1D5-4489-BA08-485FBB0147B0}"
EndProject
Global
	GlobalSection(SolutionConfigurationPlatforms) = preSolution
		Debug|Any CPU = Debug|Any CPU
		Release|Any CPU = Release|Any CPU
	EndGlobalSection
	GlobalSection(ProjectConfigurationPlatforms) = postSolution
		{6E022105-6627-4FA8-A151-E156859B784D}.Debug|Any CPU.ActiveCfg = Debug|Any CPU
		{6E022105-6627-4FA8-A151-E156859B784D}.Debug|Any CPU.Build.0 = Debug|Any CPU
		{6E022105-6627-4FA8-A151-E156859B784D}.Release|Any CPU.ActiveCfg = Release|Any CPU
		{6E022105-6627-4FA8-A151-E156859B784D}.Release|Any CPU.Build.0 = Release|Any CPU
		{AAFA0FE9-96A2-4621-9DAF-FA3632F97528}.Debug|Any CPU.ActiveCfg = Debug|Any CPU
		{AAFA0FE9-96A2-4621-9DAF-FA3632F97528}.Debug|Any CPU.Build.0 = Debug|Any CPU
		{AAFA0FE9-96A2-4621-9DAF-FA3632F97528}.Release|Any CPU.ActiveCfg = Release|Any CPU
		{AAFA0FE9-96A2-4621-9DAF-FA3632F97528}.Release|Any CPU.Build.0 = Release|Any CPU
		{937699BA-15F4-4C8A-87E5-6294B5D942E7}.Debug|Any CPU.ActiveCfg = Debug|Any CPU
		{937699BA-15F4-4C8A-87E5-6294B5D942E7}.Debug|Any CPU.Build.0 = Debug|Any CPU
		{937699BA-15F4-4C8A-87E5-6294B5D942E7}.Release|Any CPU.ActiveCfg = Release|Any CPU
		{937699BA-15F4-4C8A-87E5-6294B5D942E7}.Release|Any CPU.Build.0 = Release|Any CPU
		{00B89288-4D86-453D-B2F8-9C62AB46BC45}.Debug|Any CPU.ActiveCfg = Debug|Any CPU
		{00B89288-4D86-453D-B2F8-9C62AB46BC45}.Debug|Any CPU.Build.0 = Debug|Any CPU
		{00B89288-4D86-453D-B2F8-9C62AB46BC45}.Release|Any CPU.ActiveCfg = Release|Any CPU
		{00B89288-4D86-453D-B2F8-9C62AB46BC45}.Release|Any CPU.Build.0 = Release|Any CPU
		{C58FD607-A1D5-4489-BA08-485FBB0147B0}.Debug|Any CPU.ActiveCfg = Debug|Any CPU
		{C58FD607-A1D5-4489-BA08-485FBB0147B0}.Debug|Any CPU.Build.0 = Debug|Any CPU
		{C58FD607-A1D5-4489-BA08-485FBB0147B0}.Release|Any CPU.ActiveCfg = Release|Any CPU
		{C58FD607-A1D5-4489-BA08-485FBB0147B0}.Release|Any CPU.Build.0 = Release|Any CPU
	EndGlobalSection
	GlobalSection(SolutionProperties) = preSolution
		HideSolutionNode = FALSE
	EndGlobalSection
	GlobalSection(ExtensibilityGlobals) = postSolution
		SolutionGuid = {C6043A4B-AE33-46AF-B8FF-FF37DF99B79D}
	EndGlobalSection
EndGlobal
